
Microsoft Visual Studio Solution File, Format Version 12.00
# Visual Studio Version 17
VisualStudioVersion = 17.11.35327.3
MinimumVisualStudioVersion = 10.0.40219.1
Project("{FAE04EC0-301F-11D3-BF4B-00C04F79EFBC}") = "BeepQServer", "BeepQServer\BeepQServer.csproj", "{7985A544-C240-4E53-B033-0292CE75D6F5}"
EndProject
Global
	GlobalSection(SolutionConfigurationPlatforms) = preSolution
		Debug|Any CPU = Debug|Any CPU
		Release|Any CPU = Release|Any CPU
	EndGlobalSection
	GlobalSection(ProjectConfigurationPlatforms) = postSolution
		{7985A544-C240-4E53-B033-0292CE75D6F5}.Debug|Any CPU.ActiveCfg = Debug|Any CPU
		{7985A544-C240-4E53-B033-0292CE75D6F5}.Debug|Any CPU.Build.0 = Debug|Any CPU
		{7985A544-C240-4E53-B033-0292CE75D6F5}.Release|Any CPU.ActiveCfg = Release|Any CPU
		{7985A544-C240-4E53-B033-0292CE75D6F5}.Release|Any CPU.Build.0 = Release|Any CPU
	EndGlobalSection
	GlobalSection(SolutionProperties) = preSolution
		HideSolutionNode = FALSE
	EndGlobalSection
	GlobalSection(ExtensibilityGlobals) = postSolution
		SolutionGuid = {5BABEE08-E893-48DA-9663-BF60B092B406}
	EndGlobalSection
EndGlobal
